Microsoft Visual Studio Solution File, Format Version 12.00
# Visual Studio 15
Project("{8BC9CEB8-8B4A-11D0-8D11-00A0C91BC942}") = "ALL_BUILD", "ALL_BUILD.vcxproj", "{C2C557AC-BAD6-3769-9D1E-F0FA37780977}"
	ProjectSection(ProjectDependencies) = postProject
		{098293CB-E378-331B-A1A7-23EC998C5DDD} = {098293CB-E378-331B-A1A7-23EC998C5DDD}
		{24F923E3-6C12-3892-824F-1548BA26BC20} = {24F923E3-6C12-3892-824F-1548BA26BC20}
		{7F0FC2E3-74B1-3E4F-8C7A-06D1A7BF1160} = {7F0FC2E3-74B1-3E4F-8C7A-06D1A7BF1160}
		{CF2B93EC-234E-3954-B478-05F2C277197E} = {CF2B93EC-234E-3954-B478-05F2C277197E}
		{04F0FAAD-0C59-3F0F-BB24-D5004989F8CA} = {04F0FAAD-0C59-3F0F-BB24-D5004989F8CA}
	EndProjectSection
EndProject
Project("{8BC9CEB8-8B4A-11D0-8D11-00A0C91BC942}") = "INSTALL", "INSTALL.vcxproj", "{0B6314D8-C866-3A48-9433-4A339C70BB35}"
	ProjectSection(ProjectDependencies) = postProject
		{C2C557AC-BAD6-3769-9D1E-F0FA37780977} = {C2C557AC-BAD6-3769-9D1E-F0FA37780977}
		{098293CB-E378-331B-A1A7-23EC998C5DDD} = {098293CB-E378-331B-A1A7-23EC998C5DDD}
	EndProjectSection
EndProject
Project("{8BC9CEB8-8B4A-11D0-8D11-00A0C91BC942}") = "ZERO_CHECK", "ZERO_CHECK.vcxproj", "{098293CB-E378-331B-A1A7-23EC998C5DDD}"
	ProjectSection(ProjectDependencies) = postProject
	EndProjectSection
EndProject
Project("{8BC9CEB8-8B4A-11D0-8D11-00A0C91BC942}") = "test-system-zmdnet-env", "test\test-system-zmdnet-env.vcxproj", "{24F923E3-6C12-3892-824F-1548BA26BC20}"
	ProjectSection(ProjectDependencies) = postProject
		{098293CB-E378-331B-A1A7-23EC998C5DDD} = {098293CB-E378-331B-A1A7-23EC998C5DDD}
		{04F0FAAD-0C59-3F0F-BB24-D5004989F8CA} = {04F0FAAD-0C59-3F0F-BB24-D5004989F8CA}
	EndProjectSection
EndProject
Project("{8BC9CEB8-8B4A-11D0-8D11-00A0C91BC942}") = "tzmdnet", "sample\tzmdnet.vcxproj", "{7F0FC2E3-74B1-3E4F-8C7A-06D1A7BF1160}"
	ProjectSection(ProjectDependencies) = postProject
		{098293CB-E378-331B-A1A7-23EC998C5DDD} = {098293CB-E378-331B-A1A7-23EC998C5DDD}
		{04F0FAAD-0C59-3F0F-BB24-D5004989F8CA} = {04F0FAAD-0C59-3F0F-BB24-D5004989F8CA}
	EndProjectSection
EndProject
Project("{8BC9CEB8-8B4A-11D0-8D11-00A0C91BC942}") = "zmdnet", "src\zmdnet.vcxproj", "{CF2B93EC-234E-3954-B478-05F2C277197E}"
	ProjectSection(ProjectDependencies) = postProject
		{098293CB-E378-331B-A1A7-23EC998C5DDD} = {098293CB-E378-331B-A1A7-23EC998C5DDD}
	EndProjectSection
EndProject
Project("{8BC9CEB8-8B4A-11D0-8D11-00A0C91BC942}") = "zmdnet-static", "src\zmdnet-static.vcxproj", "{04F0FAAD-0C59-3F0F-BB24-D5004989F8CA}"
	ProjectSection(ProjectDependencies) = postProject
		{098293CB-E378-331B-A1A7-23EC998C5DDD} = {098293CB-E378-331B-A1A7-23EC998C5DDD}
	EndProjectSection
EndProject
Global
	GlobalSection(SolutionConfigurationPlatforms) = preSolution
		Debug|x64 = Debug|x64
		Release|x64 = Release|x64
		MinSizeRel|x64 = MinSizeRel|x64
		RelWithDebInfo|x64 = RelWithDebInfo|x64
	EndGlobalSection
	GlobalSection(ProjectConfigurationPlatforms) = postSolution
		{C2C557AC-BAD6-3769-9D1E-F0FA37780977}.Debug|x64.ActiveCfg = Debug|x64
		{C2C557AC-BAD6-3769-9D1E-F0FA37780977}.Debug|x64.Build.0 = Debug|x64
		{C2C557AC-BAD6-3769-9D1E-F0FA37780977}.Release|x64.ActiveCfg = Release|x64
		{C2C557AC-BAD6-3769-9D1E-F0FA37780977}.Release|x64.Build.0 = Release|x64
		{C2C557AC-BAD6-3769-9D1E-F0FA37780977}.MinSizeRel|x64.ActiveCfg = MinSizeRel|x64
		{C2C557AC-BAD6-3769-9D1E-F0FA37780977}.MinSizeRel|x64.Build.0 = MinSizeRel|x64
		{C2C557AC-BAD6-3769-9D1E-F0FA37780977}.RelWithDebInfo|x64.ActiveCfg = RelWithDebInfo|x64
		{C2C557AC-BAD6-3769-9D1E-F0FA37780977}.RelWithDebInfo|x64.Build.0 = RelWithDebInfo|x64
		{0B6314D8-C866-3A48-9433-4A339C70BB35}.Debug|x64.ActiveCfg = Debug|x64
		{0B6314D8-C866-3A48-9433-4A339C70BB35}.Release|x64.ActiveCfg = Release|x64
		{0B6314D8-C866-3A48-9433-4A339C70BB35}.MinSizeRel|x64.ActiveCfg = MinSizeRel|x64
		{0B6314D8-C866-3A48-9433-4A339C70BB35}.RelWithDebInfo|x64.ActiveCfg = RelWithDebInfo|x64
		{098293CB-E378-331B-A1A7-23EC998C5DDD}.Debug|x64.ActiveCfg = Debug|x64
		{098293CB-E378-331B-A1A7-23EC998C5DDD}.Debug|x64.Build.0 = Debug|x64
		{098293CB-E378-331B-A1A7-23EC998C5DDD}.Release|x64.ActiveCfg = Release|x64
		{098293CB-E378-331B-A1A7-23EC998C5DDD}.Release|x64.Build.0 = Release|x64
		{098293CB-E378-331B-A1A7-23EC998C5DDD}.MinSizeRel|x64.ActiveCfg = MinSizeRel|x64
		{098293CB-E378-331B-A1A7-23EC998C5DDD}.MinSizeRel|x64.Build.0 = MinSizeRel|x64
		{098293CB-E378-331B-A1A7-23EC998C5DDD}.RelWithDebInfo|x64.ActiveCfg = RelWithDebInfo|x64
		{098293CB-E378-331B-A1A7-23EC998C5DDD}.RelWithDebInfo|x64.Build.0 = RelWithDebInfo|x64
		{24F923E3-6C12-3892-824F-1548BA26BC20}.Debug|x64.ActiveCfg = Debug|x64
		{24F923E3-6C12-3892-824F-1548BA26BC20}.Debug|x64.Build.0 = Debug|x64
		{24F923E3-6C12-3892-824F-1548BA26BC20}.Release|x64.ActiveCfg = Release|x64
		{24F923E3-6C12-3892-824F-1548BA26BC20}.Release|x64.Build.0 = Release|x64
		{24F923E3-6C12-3892-824F-1548BA26BC20}.MinSizeRel|x64.ActiveCfg = MinSizeRel|x64
		{24F923E3-6C12-3892-824F-1548BA26BC20}.MinSizeRel|x64.Build.0 = MinSizeRel|x64
		{24F923E3-6C12-3892-824F-1548BA26BC20}.RelWithDebInfo|x64.ActiveCfg = RelWithDebInfo|x64
		{24F923E3-6C12-3892-824F-1548BA26BC20}.RelWithDebInfo|x64.Build.0 = RelWithDebInfo|x64
		{7F0FC2E3-74B1-3E4F-8C7A-06D1A7BF1160}.Debug|x64.ActiveCfg = Debug|x64
		{7F0FC2E3-74B1-3E4F-8C7A-06D1A7BF1160}.Debug|x64.Build.0 = Debug|x64
		{7F0FC2E3-74B1-3E4F-8C7A-06D1A7BF1160}.Release|x64.ActiveCfg = Release|x64
		{7F0FC2E3-74B1-3E4F-8C7A-06D1A7BF1160}.Release|x64.Build.0 = Release|x64
		{7F0FC2E3-74B1-3E4F-8C7A-06D1A7BF1160}.MinSizeRel|x64.ActiveCfg = MinSizeRel|x64
		{7F0FC2E3-74B1-3E4F-8C7A-06D1A7BF1160}.MinSizeRel|x64.Build.0 = MinSizeRel|x64
		{7F0FC2E3-74B1-3E4F-8C7A-06D1A7BF1160}.RelWithDebInfo|x64.ActiveCfg = RelWithDebInfo|x64
		{7F0FC2E3-74B1-3E4F-8C7A-06D1A7BF1160}.RelWithDebInfo|x64.Build.0 = RelWithDebInfo|x64
		{CF2B93EC-234E-3954-B478-05F2C277197E}.Debug|x64.ActiveCfg = Debug|x64
		{CF2B93EC-234E-3954-B478-05F2C277197E}.Debug|x64.Build.0 = Debug|x64
		{CF2B93EC-234E-3954-B478-05F2C277197E}.Release|x64.ActiveCfg = Release|x64
		{CF2B93EC-234E-3954-B478-05F2C277197E}.Release|x64.Build.0 = Release|x64
		{CF2B93EC-234E-3954-B478-05F2C277197E}.MinSizeRel|x64.ActiveCfg = MinSizeRel|x64
		{CF2B93EC-234E-3954-B478-05F2C277197E}.MinSizeRel|x64.Build.0 = MinSizeRel|x64
		{CF2B93EC-234E-3954-B478-05F2C277197E}.RelWithDebInfo|x64.ActiveCfg = RelWithDebInfo|x64
		{CF2B93EC-234E-3954-B478-05F2C277197E}.RelWithDebInfo|x64.Build.0 = RelWithDebInfo|x64
		{04F0FAAD-0C59-3F0F-BB24-D5004989F8CA}.Debug|x64.ActiveCfg = Debug|x64
		{04F0FAAD-0C59-3F0F-BB24-D5004989F8CA}.Debug|x64.Build.0 = Debug|x64
		{04F0FAAD-0C59-3F0F-BB24-D5004989F8CA}.Release|x64.ActiveCfg = Release|x64
		{04F0FAAD-0C59-3F0F-BB24-D5004989F8CA}.Release|x64.Build.0 = Release|x64
		{04F0FAAD-0C59-3F0F-BB24-D5004989F8CA}.MinSizeRel|x64.ActiveCfg = MinSizeRel|x64
		{04F0FAAD-0C59-3F0F-BB24-D5004989F8CA}.MinSizeRel|x64.Build.0 = MinSizeRel|x64
		{04F0FAAD-0C59-3F0F-BB24-D5004989F8CA}.RelWithDebInfo|x64.ActiveCfg = RelWithDebInfo|x64
		{04F0FAAD-0C59-3F0F-BB24-D5004989F8CA}.RelWithDebInfo|x64.Build.0 = RelWithDebInfo|x64
	EndGlobalSection
	GlobalSection(ExtensibilityGlobals) = postSolution
		SolutionGuid = {E24515EB-4F8E-39AB-A1D9-C623ACADCBC3}
	EndGlobalSection
	GlobalSection(ExtensibilityAddIns) = postSolution
	EndGlobalSection
EndGlobal
